// !$*UTF8*$!
{
	archiveVersion = 1;
	classes = {
	};
	objectVersion = 48;
	objects = {

/* Begin PBXBuildFile section */
		DDF294B81F83BA82002CB5DF /* AppDelegate.swift in Sources */ = {isa = PBXBuildFile; fileRef = DDF294B71F83BA82002CB5DF /* AppDelegate.swift */; };
		DDF294BA1F83BA82002CB5DF /* ViewController.swift in Sources */ = {isa = PBXBuildFile; fileRef = DDF294B91F83BA82002CB5DF /* ViewController.swift */; };
		DDF294BD1F83BA82002CB5DF /* Main.storyboard in Resources */ = {isa = PBXBuildFile; fileRef = DDF294BB1F83BA82002CB5DF /* Main.storyboard */; };
		DDF294BF1F83BA82002CB5DF /* Assets.xcassets in Resources */ = {isa = PBXBuildFile; fileRef = DDF294BE1F83BA82002CB5DF /* Assets.xcassets */; };
		DDF294C21F83BA82002CB5DF /* LaunchScreen.storyboard in Resources */ = {isa = PBXBuildFile; fileRef = DDF294C01F83BA82002CB5DF /* LaunchScreen.storyboard */; };
/* End PBXBuildFile section */

/* Begin PBXFileReference section */
		DDF294B41F83BA82002CB5DF /* Controlling the keyboard.app */ = {isa = PBXFileReference; explicitFileType = wrapper.application; includeInIndex = 0; path = "Controlling the keyboard.app"; sourceTree = BUILT_PRODUCTS_DIR; };
		DDF294B71F83BA82002CB5DF /* AppDelegate.swift */ = {isa = PBXFileReference; lastKnownFileType = sourcecode.swift; path = AppDelegate.swift; sourceTree = "<group>"; };
		DDF294B91F83BA82002CB5DF /* ViewController.swift */ = {isa = PBXFileReference; lastKnownFileType = sourcecode.swift; path = ViewController.swift; sourceTree = "<group>"; };
		DDF294BC1F83BA82002CB5DF /* Base */ = {isa = PBXFileReference; lastKnownFileType = file.storyboard; name = Base; path = Base.lproj/Main.storyboard; sourceTree = "<group>"; };
		DDF294BE1F83BA82002CB5DF /* Assets.xcassets */ = {isa = PBXFileReference; lastKnownFileType = folder.assetcatalog; path = Assets.xcassets; sourceTree = "<group>"; };
		DDF294C11F83BA82002CB5DF /* Base */ = {isa = PBXFileReference; lastKnownFileType = file.storyboard; name = Base; path = Base.lproj/LaunchScreen.storyboard; sourceTree = "<group>"; };
		DDF294C31F83BA82002CB5DF /* Info.plist */ = {isa = PBXFileReference; lastKnownFileType = text.plist.xml; path = Info.plist; sourceTree = "<group>"; };
/* End PBXFileReference section */

/* Begin PBXFrameworksBuildPhase section */
		DDF294B11F83BA82002CB5DF /* Frameworks */ = {
			isa = PBXFrameworksBuildPhase;
			buildActionMask = 2147483647;
			files = (
			);
			runOnlyForDeploymentPostprocessing = 0;
		};
/* End PBXFrameworksBuildPhase section */

/* Begin PBXGroup section */
		DDF294AB1F83BA82002CB5DF = {
			isa = PBXGroup;
			children = (
				DDF294B61F83BA82002CB5DF /* Controlling the keyboard */,
				DDF294B51F83BA82002CB5DF /* Products */,
			);
			sourceTree = "<group>";
		};
		DDF294B51F83BA82002CB5DF /* Products */ = {
			isa = PBXGroup;
			children = (
				DDF294B41F83BA82002CB5DF /* Controlling the keyboard.app */,
			);
			name = Products;
			sourceTree = "<group>";
		};
		DDF294B61F83BA82002CB5DF /* Controlling the keyboard */ = {
			isa = PBXGroup;
			children = (
				DDF294B71F83BA82002CB5DF /* AppDelegate.swift */,
				DDF294B91F83BA82002CB5DF /* ViewController.swift */,
				DDF294BB1F83BA82002CB5DF /* Main.storyboard */,
				DDF294BE1F83BA82002CB5DF /* Assets.xcassets */,
				DDF294C01F83BA82002CB5DF /* LaunchScreen.storyboard */,
				DDF294C31F83BA82002CB5DF /* Info.plist */,
			);
			path = "Controlling the keyboard";
			sourceTree = "<group>";
		};
/* End PBXGroup section */

/* Begin PBXNativeTarget section */
		DDF294B31F83BA82002CB5DF /* Controlling the keyboard */ = {
			isa = PBXNativeTarget;
			buildConfigurationList = DDF294C61F83BA82002CB5DF /* Build configuration list for PBXNativeTarget "Controlling the keyboard" */;
			buildPhases = (
				DDF294B01F83BA82002CB5DF /* Sources */,
				DDF294B11F83BA82002CB5DF /* Frameworks */,
				DDF294B21F83BA82002CB5DF /* Resources */,
			);
			buildRules = (
			);
			dependencies = (
			);
			name = "Controlling the keyboard";
			productName = "Controlling the keyboard";
			productReference = DDF294B41F83BA82002CB5DF /* Controlling the keyboard.app */;
			productType = "com.apple.product-type.application";
		};
/* End PBXNativeTarget section */

/* Begin PBXProject section */
		DDF294AC1F83BA82002CB5DF /* Project object */ = {
			isa = PBXProject;
			attributes = {
				LastSwiftUpdateCheck = 0900;
				LastUpgradeCheck = 0900;
				ORGANIZATIONNAME = "Arkadiusz Stankiewicz";
				TargetAttributes = {
					DDF294B31F83BA82002CB5DF = {
						CreatedOnToolsVersion = 9.0;
						ProvisioningStyle = Automatic;
					};
				};
			};
			buildConfigurationList = DDF294AF1F83BA82002CB5DF /* Build configuration list for PBXProject "Controlling the keyboard" */;
			compatibilityVersion = "Xcode 8.0";
			developmentRegion = en;
			hasScannedForEncodings = 0;
			knownRegions = (
				en,
				Base,
			);
			mainGroup = DDF294AB1F83BA82002CB5DF;
			productRefGroup = DDF294B51F83BA82002CB5DF /* Products */;
			projectDirPath = "";
			projectRoot = "";
			targets = (
				DDF294B31F83BA82002CB5DF /* Controlling the keyboard */,
			);
		};
/* End PBXProject section */

/* Begin PBXResourcesBuildPhase section */
		DDF294B21F83BA82002CB5DF /* Resources */ = {
			isa = PBXResourcesBuildPhase;
			buildActionMask = 2147483647;
			files = (
				DDF294C21F83BA82002CB5DF /* LaunchScreen.storyboard in Resources */,
				DDF294BF1F83BA82002CB5DF /* Assets.xcassets in Resources */,
				DDF294BD1F83BA82002CB5DF /* Main.storyboard in Resources */,
			);
			runOnlyForDeploymentPostprocessing = 0;
		};
/* End PBXResourcesBuildPhase section */

/* Begin PBXSourcesBuildPhase section */
		DDF294B01F83BA82002CB5DF /* Sources */ = {
			isa = PBXSourcesBuildPhase;
			buildActionMask = 2147483647;
			files = (
				DDF294BA1F83BA82002CB5DF /* ViewController.swift in Sources */,
				DDF294B81F83BA82002CB5DF /* AppDelegate.swift in Sources */,
			);
			runOnlyForDeploymentPostprocessing = 0;
		};
/* End PBXSourcesBuildPhase section */

/* Begin PBXVariantGroup section */
		DDF294BB1F83BA82002CB5DF /* Main.storyboard */ = {
			isa = PBXVariantGroup;
			children = (
				DDF294BC1F83BA82002CB5DF /* Base */,
			);
			name = Main.storyboard;
			sourceTree = "<group>";
		};
		DDF294C01F83BA82002CB5DF /* LaunchScreen.storyboard */ = {
			isa = PBXVariantGroup;
			children = (
				DDF294C11F83BA82002CB5DF /* Base */,
			);
			name = LaunchScreen.storyboard;
			sourceTree = "<group>";
		};
/* End PBXVariantGroup section */

/* Begin XCBuildConfiguration section */
		DDF294C41F83BA82002CB5DF /* Debug */ = {
			isa = XCBuildConfiguration;
			buildSettings = {
				ALWAYS_SEARCH_USER_PATHS = NO;
				CLANG_ANALYZER_NONNULL = YES;
				CLANG_ANALYZER_NUMBER_OBJECT_CONVERSION = YES_AGGRESSIVE;
				CLANG_CXX_LANGUAGE_STANDARD = "gnu++14";
				CLANG_CXX_LIBRARY = "libc++";
				CLANG_ENABLE_MODULES = YES;
				CLANG_ENABLE_OBJC_ARC = YES;
				CLANG_WARN_BLOCK_CAPTURE_AUTORELEASING = YES;
				CLANG_WARN_BOOL_CONVERSION = YES;
				CLANG_WARN_COMMA = YES;
				CLANG_WARN_CONSTANT_CONVERSION = YES;
				CLANG_WARN_DIRECT_OBJC_ISA_USAGE = YES_ERROR;
				CLANG_WARN_DOCUMENTATION_COMMENTS = YES;
				CLANG_WARN_EMPTY_BODY = YES;
				CLANG_WARN_ENUM_CONVERSION = YES;
				CLANG_WARN_INFINITE_RECURSION = YES;
				CLANG_WARN_INT_CONVERSION = YES;
				CLANG_WARN_NON_LITERAL_NULL_CONVERSION = YES;
				CLANG_WARN_OBJC_LITERAL_CONVERSION = YES;
				CLANG_WARN_OBJC_ROOT_CLASS = YES_ERROR;
				CLANG_WARN_RANGE_LOOP_ANALYSIS = YES;
				CLANG_WARN_STRICT_PROTOTYPES = YES;
				CLANG_WARN_SUSPICIOUS_MOVE = YES;
				CLANG_WARN_UNGUARDED_AVAILABILITY = YES_AGGRESSIVE;
				CLANG_WARN_UNREACHABLE_CODE = YES;
				CLANG_WARN__DUPLICATE_METHOD_MATCH = YES;
				CODE_SIGN_IDENTITY = "iPhone Developer";
				COPY_PHASE_STRIP = NO;
				DEBUG_INFORMATION_FORMAT = dwarf;
				ENABLE_STRICT_OBJC_MSGSEND = YES;
				ENABLE_TESTABILITY = YES;
				GCC_C_LANGUAGE_STANDARD = gnu11;
				GCC_DYNAMIC_NO_PIC = NO;
				GCC_NO_COMMON_BLOCKS = YES;
				GCC_OPTIMIZATION_LEVEL = 0;
				GCC_PREPROCESSOR_DEFINITIONS = (
					"DEBUG=1",
					"$(inherited)",
				);
				GCC_WARN_64_TO_32_BIT_CONVERSION = YES;
				GCC_WARN_ABOUT_RETURN_TYPE = YES_ERROR;
				GCC_WARN_UNDECLARED_SELECTOR = YES;
				GCC_WARN_UNINITIALIZED_AUTOS = YES_AGGRESSIVE;
				GCC_WARN_UNUSED_FUNCTION = YES;
				GCC_WARN_UNUSED_VARIABLE = YES;
				IPHONEOS_DEPLOYMENT_TARGET = 11.0;
				MTL_ENABLE_DEBUG_INFO = YES;
				ONLY_ACTIVE_ARCH = YES;
				SDKROOT = iphoneos;
				SWIFT_ACTIVE_COMPILATION_CONDITIONS = DEBUG;
				SWIFT_OPTIMIZATION_LEVEL = "-Onone";
			};
			name = Debug;
		};
		DDF294C51F83BA82002CB5DF /* Release */ = {
			isa = XCBuildConfiguration;
			buildSettings = {
				ALWAYS_SEARCH_USER_PATHS = NO;
				CLANG_ANALYZER_NONNULL = YES;
				CLANG_ANALYZER_NUMBER_OBJECT_CONVERSION = YES_AGGRESSIVE;
				CLANG_CXX_LANGUAGE_STANDARD = "gnu++14";
				CLANG_CXX_LIBRARY = "libc++";
				CLANG_ENABLE_MODULES = YES;
				CLANG_ENABLE_OBJC_ARC = YES;
				CLANG_WARN_BLOCK_CAPTURE_AUTORELEASING = YES;
				CLANG_WARN_BOOL_CONVERSION = YES;
				CLANG_WARN_COMMA = YES;
				CLANG_WARN_CONSTANT_CONVERSION = YES;
				CLANG_WARN_DIRECT_OBJC_ISA_USAGE = YES_ERROR;
				CLANG_WARN_DOCUMENTATION_COMMENTS = YES;
				CLANG_WARN_EMPTY_BODY = YES;
				CLANG_WARN_ENUM_CONVERSION = YES;
				CLANG_WARN_INFINITE_RECURSION = YES;
				CLANG_WARN_INT_CONVERSION = YES;
				CLANG_WARN_NON_LITERAL_NULL_CONVERSION = YES;
				CLANG_WARN_OBJC_LITERAL_CONVERSION = YES;
				CLANG_WARN_OBJC_ROOT_CLASS = YES_ERROR;
				CLANG_WARN_RANGE_LOOP_ANALYSIS = YES;
				CLANG_WARN_STRICT_PROTOTYPES = YES;
				CLANG_WARN_SUSPICIOUS_MOVE = YES;
				CLANG_WARN_UNGUARDED_AVAILABILITY = YES_AGGRESSIVE;
				CLANG_WARN_UNREACHABLE_CODE = YES;
				CLANG_WARN__DUPLICATE_METHOD_MATCH = YES;
				CODE_SIGN_IDENTITY = "iPhone Developer";
				COPY_PHASE_STRIP = NO;
				DEBUG_INFORMATION_FORMAT = "dwarf-with-dsym";
				ENABLE_NS_ASSERTIONS = NO;
				ENABLE_STRICT_OBJC_MSGSEND = YES;
				GCC_C_LANGUAGE_STANDARD = gnu11;
				GCC_NO_COMMON_BLOCKS = YES;
				GCC_WARN_64_TO_32_BIT_CONVERSION = YES;
				GCC_WARN_ABOUT_RETURN_TYPE = YES_ERROR;
				GCC_WARN_UNDECLARED_SELECTOR = YES;
				GCC_WARN_UNINITIALIZED_AUTOS = YES_AGGRESSIVE;
				GCC_WARN_UNUSED_FUNCTION = YES;
				GCC_WARN_UNUSED_VARIABLE = YES;
				IPHONEOS_DEPLOYMENT_TARGET = 11.0;
				MTL_ENABLE_DEBUG_INFO = NO;
				SDKROOT = iphoneos;
				SWIFT_OPTIMIZATION_LEVEL = "-Owholemodule";
				VALIDATE_PRODUCT = YES;
			};
			name = Release;
		};
		DDF294C71F83BA82002CB5DF /* Debug */ = {
			isa = XCBuildConfiguration;
			buildSettings = {
				ASSETCATALOG_COMPILER_APPICON_NAME = AppIcon;
				CODE_SIGN_STYLE = Automatic;
				DEVELOPMENT_TEAM = MM6ZB88N8Q;
				INFOPLIST_FILE = "Controlling the keyboard/Info.plist";
				LD_RUNPATH_SEARCH_PATHS = "$(inherited) @executable_path/Frameworks";
				PRODUCT_BUNDLE_IDENTIFIER = "AS.Controlling-the-keyboard";
				PRODUCT_NAME = "$(TARGET_NAME)";
				SWIFT_VERSION = 4.0;
				TARGETED_DEVICE_FAMILY = "1,2";
			};
			name = Debug;
		};
		DDF294C81F83BA82002CB5DF /* Release */ = {
			isa = XCBuildConfiguration;
			buildSettings = {
				ASSETCATALOG_COMPILER_APPICON_NAME = AppIcon;
				CODE_SIGN_STYLE = Automatic;
				DEVELOPMENT_TEAM = MM6ZB88N8Q;
				INFOPLIST_FILE = "Controlling the keyboard/Info.plist";
				LD_RUNPATH_SEARCH_PATHS = "$(inherited) @executable_path/Frameworks";
				PRODUCT_BUNDLE_IDENTIFIER = "AS.Controlling-the-keyboard";
				PRODUCT_NAME = "$(TARGET_NAME)";
				SWIFT_VERSION = 4.0;
				TARGETED_DEVICE_FAMILY = "1,2";
			};
			name = Release;
		};
/* End XCBuildConfiguration section */

/* Begin XCConfigurationList section */
		DDF294AF1F83BA82002CB5DF /* Build configuration list for PBXProject "Controlling the keyboard" */ = {
			isa = XCConfigurationList;
			buildConfigurations = (
				DDF294C41F83BA82002CB5DF /* Debug */,
				DDF294C51F83BA82002CB5DF /* Release */,
			);
			defaultConfigurationIsVisible = 0;
			defaultConfigurationName = Release;
		};
		DDF294C61F83BA82002CB5DF /* Build configuration list for PBXNativeTarget "Controlling the keyboard" */ = {
			isa = XCConfigurationList;
			buildConfigurations = (
				DDF294C71F83BA82002CB5DF /* Debug */,
				DDF294C81F83BA82002CB5DF /* Release */,
			);
			defaultConfigurationIsVisible = 0;
			defaultConfigurationName = Release;
		};
/* End XCConfigurationList section */
	};
	rootObject = DDF294AC1F83BA82002CB5DF /* Project object */;
}
